
Microsoft Visual Studio Solution File, Format Version 12.00
Project("{FAE04EC0-301F-11D3-BF4B-00C04F79EFBC}") = "TigerAuth.Saml2", "TigerAuth.Saml2\TigerAuth.Saml2.csproj", "{EDCAB4F7-E26F-4AFE-A2BB-B46CBCE7BB3A}"
EndProject
Project("{FAE04EC0-301F-11D3-BF4B-00C04F79EFBC}") = "TigerAuth.Client", "TigerAuth.Client\TigerAuth.Client.csproj", "{9C874537-E2E5-49B2-9254-8806D18627E7}"
EndProject
Project("{FAE04EC0-301F-11D3-BF4B-00C04F79EFBC}") = "TigerAuth.Client.Web", "TigerAuth.Client.Web\TigerAuth.Client.Web.csproj", "{6084EE72-A369-44C8-A2D2-6612FC3FA937}"
EndProject
Global
	GlobalSection(SolutionConfigurationPlatforms) = preSolution
		Debug|Any CPU = Debug|Any CPU
		Release|Any CPU = Release|Any CPU
	EndGlobalSection
	GlobalSection(ProjectConfigurationPlatforms) = postSolution
		{EDCAB4F7-E26F-4AFE-A2BB-B46CBCE7BB3A}.Debug|Any CPU.ActiveCfg = Debug|Any CPU
		{EDCAB4F7-E26F-4AFE-A2BB-B46CBCE7BB3A}.Debug|Any CPU.Build.0 = Debug|Any CPU
		{EDCAB4F7-E26F-4AFE-A2BB-B46CBCE7BB3A}.Release|Any CPU.ActiveCfg = Release|Any CPU
		{EDCAB4F7-E26F-4AFE-A2BB-B46CBCE7BB3A}.Release|Any CPU.Build.0 = Release|Any CPU
		{9C874537-E2E5-49B2-9254-8806D18627E7}.Debug|Any CPU.ActiveCfg = Debug|Any CPU
		{9C874537-E2E5-49B2-9254-8806D18627E7}.Debug|Any CPU.Build.0 = Debug|Any CPU
		{9C874537-E2E5-49B2-9254-8806D18627E7}.Release|Any CPU.ActiveCfg = Release|Any CPU
		{9C874537-E2E5-49B2-9254-8806D18627E7}.Release|Any CPU.Build.0 = Release|Any CPU
		{6084EE72-A369-44C8-A2D2-6612FC3FA937}.Debug|Any CPU.ActiveCfg = Debug|Any CPU
		{6084EE72-A369-44C8-A2D2-6612FC3FA937}.Debug|Any CPU.Build.0 = Debug|Any CPU
		{6084EE72-A369-44C8-A2D2-6612FC3FA937}.Release|Any CPU.ActiveCfg = Release|Any CPU
		{6084EE72-A369-44C8-A2D2-6612FC3FA937}.Release|Any CPU.Build.0 = Release|Any CPU
	EndGlobalSection
EndGlobal
